
Microsoft Visual Studio Solution File, Format Version 12.00
# Visual Studio Version 16
VisualStudioVersion = 16.0.31410.357
MinimumVisualStudioVersion = 10.0.40219.1
Project("{FAE04EC0-301F-11D3-BF4B-00C04F79EFBC}") = "1811062547_TranLinhThuan_bigschoool", "1811062547_TranLinhThuan_bigschoool\1811062547_TranLinhThuan_bigschoool.csproj", "{3B283213-9771-4DA0-AEB9-8B00CE95D177}"
EndProject
Global
	GlobalSection(SolutionConfigurationPlatforms) = preSolution
		Debug|Any CPU = Debug|Any CPU
		Release|Any CPU = Release|Any CPU
	EndGlobalSection
	GlobalSection(ProjectConfigurationPlatforms) = postSolution
		{3B283213-9771-4DA0-AEB9-8B00CE95D177}.Debug|Any CPU.ActiveCfg = Debug|Any CPU
		{3B283213-9771-4DA0-AEB9-8B00CE95D177}.Debug|Any CPU.Build.0 = Debug|Any CPU
		{3B283213-9771-4DA0-AEB9-8B00CE95D177}.Release|Any CPU.ActiveCfg = Release|Any CPU
		{3B283213-9771-4DA0-AEB9-8B00CE95D177}.Release|Any CPU.Build.0 = Release|Any CPU
	EndGlobalSection
	GlobalSection(SolutionProperties) = preSolution
		HideSolutionNode = FALSE
	EndGlobalSection
	GlobalSection(ExtensibilityGlobals) = postSolution
		SolutionGuid = {675450C6-8E7B-42DD-9798-EBFB4CD346ED}
	EndGlobalSection
EndGlobal
